
Microsoft Visual Studio Solution File, Format Version 12.00
# Visual Studio Version 16
VisualStudioVersion = 16.0.31410.357
MinimumVisualStudioVersion = 10.0.40219.1
Project("{FAE04EC0-301F-11D3-BF4B-00C04F79EFBC}") = "TMS", "TMS\TMS.csproj", "{94859E8A-1995-4255-B0C3-BA780FCCC666}"
EndProject
Project("{FAE04EC0-301F-11D3-BF4B-00C04F79EFBC}") = "TMS.Model", "TMS.Model\TMS.Model.csproj", "{F1839124-70D8-4152-A06E-959C3860A2A4}"
EndProject
Project("{FAE04EC0-301F-11D3-BF4B-00C04F79EFBC}") = "TMS.Common", "TMS.Common\TMS.Common.csproj", "{41CAE7E5-C85D-4770-9496-CE0C907FDED0}"
EndProject
Project("{FAE04EC0-301F-11D3-BF4B-00C04F79EFBC}") = "TMS.Repository", "TMS.DAL\TMS.Repository.csproj", "{EC328C90-DFDA-460B-8998-8B1F9ADA9D16}"
EndProject
Project("{FAE04EC0-301F-11D3-BF4B-00C04F79EFBC}") = "TMS.IRepository", "TMS.IDAL\TMS.IRepository.csproj", "{F0C45F95-D1DA-4DBB-A7DF-DE8E7BE15B19}"
EndProject
Global
	GlobalSection(SolutionConfigurationPlatforms) = preSolution
		Debug|Any CPU = Debug|Any CPU
		Release|Any CPU = Release|Any CPU
	EndGlobalSection
	GlobalSection(ProjectConfigurationPlatforms) = postSolution
		{94859E8A-1995-4255-B0C3-BA780FCCC666}.Debug|Any CPU.ActiveCfg = Debug|Any CPU
		{94859E8A-1995-4255-B0C3-BA780FCCC666}.Debug|Any CPU.Build.0 = Debug|Any CPU
		{94859E8A-1995-4255-B0C3-BA780FCCC666}.Release|Any CPU.ActiveCfg = Release|Any CPU
		{94859E8A-1995-4255-B0C3-BA780FCCC666}.Release|Any CPU.Build.0 = Release|Any CPU
		{F1839124-70D8-4152-A06E-959C3860A2A4}.Debug|Any CPU.ActiveCfg = Debug|Any CPU
		{F1839124-70D8-4152-A06E-959C3860A2A4}.Debug|Any CPU.Build.0 = Debug|Any CPU
		{F1839124-70D8-4152-A06E-959C3860A2A4}.Release|Any CPU.ActiveCfg = Release|Any CPU
		{F1839124-70D8-4152-A06E-959C3860A2A4}.Release|Any CPU.Build.0 = Release|Any CPU
		{41CAE7E5-C85D-4770-9496-CE0C907FDED0}.Debug|Any CPU.ActiveCfg = Debug|Any CPU
		{41CAE7E5-C85D-4770-9496-CE0C907FDED0}.Debug|Any CPU.Build.0 = Debug|Any CPU
		{41CAE7E5-C85D-4770-9496-CE0C907FDED0}.Release|Any CPU.ActiveCfg = Release|Any CPU
		{41CAE7E5-C85D-4770-9496-CE0C907FDED0}.Release|Any CPU.Build.0 = Release|Any CPU
		{EC328C90-DFDA-460B-8998-8B1F9ADA9D16}.Debug|Any CPU.ActiveCfg = Debug|Any CPU
		{EC328C90-DFDA-460B-8998-8B1F9ADA9D16}.Debug|Any CPU.Build.0 = Debug|Any CPU
		{EC328C90-DFDA-460B-8998-8B1F9ADA9D16}.Release|Any CPU.ActiveCfg = Release|Any CPU
		{EC328C90-DFDA-460B-8998-8B1F9ADA9D16}.Release|Any CPU.Build.0 = Release|Any CPU
		{F0C45F95-D1DA-4DBB-A7DF-DE8E7BE15B19}.Debug|Any CPU.ActiveCfg = Debug|Any CPU
		{F0C45F95-D1DA-4DBB-A7DF-DE8E7BE15B19}.Debug|Any CPU.Build.0 = Debug|Any CPU
		{F0C45F95-D1DA-4DBB-A7DF-DE8E7BE15B19}.Release|Any CPU.ActiveCfg = Release|Any CPU
		{F0C45F95-D1DA-4DBB-A7DF-DE8E7BE15B19}.Release|Any CPU.Build.0 = Release|Any CPU
	EndGlobalSection
	GlobalSection(SolutionProperties) = preSolution
		HideSolutionNode = FALSE
	EndGlobalSection
	GlobalSection(ExtensibilityGlobals) = postSolution
		SolutionGuid = {A4AA364F-D497-4C3A-B534-54C2762D1671}
	EndGlobalSection
EndGlobal
